github.com/DeteMin/go-eureka-client/eureka v0.0.0-20230224053914-2efe2d071d96 h1:GQfPzyb66KgyaNShkfX/OBp+DR2NREJIOhc+r2tUDWQ=
github.com/DeteMin/go-eureka-client/eureka v0.0.0-20230224053914-2efe2d071d96/go.mod h1:8stG/jcQI3/5HLp6IbKzTAJFZ/XKZgZcKZlkhSggChI=
github.com/miekg/dns v1.0.15 h1:9+UupePBQCG6zf1q/bGmTO1vumoG13jsrbWOSX1W6Tw=
github.com/miekg/dns v1.0.15/go.mod h1:W1PPwlIAgtquWBMBEV9nkV9Cazfe8ScdGz/Lj7v3Nrg=
golang.org/x/crypto v0.0.0-20180820150726-614d502a4dac h1:7d7lG9fHOLdL6jZPtnV4LpI41SbohIJ1Atq7U991dMg=
golang.org/x/crypto v0.0.0-20180820150726-614d502a4dac/go.mod h1:6SG95UA2DQfeDnfUPMdvaQW0Q7yPrPDi9nlGo2tz2b4=
golang.org/x/net v0.0.0-20181011144130-49bb7cea24b1 h1:Y/KGZSOdz/2r0WJ9Mkmz6NJBusp0kiNx1Cn82lzJQ6w=
golang.org/x/net v0.0.0-20181011144130-49bb7cea24b1/go.mod h1:mL1N/T3taQHkDXs73rZJwtUhF3w3ftmwwsq0BUmARs4=
golang.org/x/sync v0.1.0 h1:wsuoTGHzEhffawBOhz5CYhcrV4IdKZbEyZjBMuTp12o=
golang.org/x/sys v0.3.0 h1:w8ZOecv6NaNa/zC8944JTU3vz4u6Lagfk4RPQxv92NQ=
golang.org/x/sys v0.3.0/go.mod h1:oPkhp1MJrh7nUepCBck5+mAzfO9JrbApNNgaTdGDITg=
gopkg.in/check.v1 v0.0.0-20161208181325-20d25e280405 h1:yhCVgyC4o1eVCa2tZl7eS0r+SDo693bJlVdllGtEeKM=
gopkg.in/check.v1 v0.0.0-20161208181325-20d25e280405/go.mod h1:Co6ibVJAznAaIkqp8huTwlJQCZ016jof/cbN4VW5Yz0=
gopkg.in/resty.v1 v1.10.2 h1:0kn7/nSP3fjAddBOjnYDq0rmyvVFvuk4iFtWQUWptjc=
gopkg.in/resty.v1 v1.10.2/go.mod h1:nrgQYbPhkRfn2BfT32NNTLfq3K9NuHRB0MsAcA9weWY=
gopkg.in/yaml.v2 v2.4.0 h1:D8xgwECY7CYvx+Y2n4sBz93Jn9JRvxdiyyo8CTfuKaY=
gopkg.in/yaml.v2 v2.4.0/go.mod h1:RDklbk79AGWmwhnvt/jBztapEOGDOx6ZbXqjP6csGnQ=
